
Microsoft Visual Studio Solution File, Format Version 12.00
# Visual Studio Version 16
VisualStudioVersion = 16.0.29409.12
MinimumVisualStudioVersion = 10.0.40219.1
Project("{FAE04EC0-301F-11D3-BF4B-00C04F79EFBC}") = "cvekŠpraljaJakovWinForm3", "cvekŠpraljaJakovWinForm3\cvekŠpraljaJakovWinForm3.csproj", "{5CC7A025-F5DC-496B-99B1-CF3E4B9499DF}"
EndProject
Global
	GlobalSection(SolutionConfigurationPlatforms) = preSolution
		Debug|Any CPU = Debug|Any CPU
		Release|Any CPU = Release|Any CPU
	EndGlobalSection
	GlobalSection(ProjectConfigurationPlatforms) = postSolution
		{5CC7A025-F5DC-496B-99B1-CF3E4B9499DF}.Debug|Any CPU.ActiveCfg = Debug|Any CPU
		{5CC7A025-F5DC-496B-99B1-CF3E4B9499DF}.Debug|Any CPU.Build.0 = Debug|Any CPU
		{5CC7A025-F5DC-496B-99B1-CF3E4B9499DF}.Release|Any CPU.ActiveCfg = Release|Any CPU
		{5CC7A025-F5DC-496B-99B1-CF3E4B9499DF}.Release|Any CPU.Build.0 = Release|Any CPU
	EndGlobalSection
	GlobalSection(SolutionProperties) = preSolution
		HideSolutionNode = FALSE
	EndGlobalSection
	GlobalSection(ExtensibilityGlobals) = postSolution
		SolutionGuid = {81F25C98-3AB5-48C3-A5B3-5F3863D90B88}
	EndGlobalSection
EndGlobal
