
Microsoft Visual Studio Solution File, Format Version 12.00
# Visual Studio Version 16
VisualStudioVersion = 16.0.29409.12
MinimumVisualStudioVersion = 10.0.40219.1
Project("{FAE04EC0-301F-11D3-BF4B-00C04F79EFBC}") = "cvekŠpraljaJakovWinForm4", "cvekŠpraljaJakovWinForm4\cvekŠpraljaJakovWinForm4.csproj", "{51EFECCA-882A-4B36-9082-7EE9F253BF10}"
EndProject
Global
	GlobalSection(SolutionConfigurationPlatforms) = preSolution
		Debug|Any CPU = Debug|Any CPU
		Release|Any CPU = Release|Any CPU
	EndGlobalSection
	GlobalSection(ProjectConfigurationPlatforms) = postSolution
		{51EFECCA-882A-4B36-9082-7EE9F253BF10}.Debug|Any CPU.ActiveCfg = Debug|Any CPU
		{51EFECCA-882A-4B36-9082-7EE9F253BF10}.Debug|Any CPU.Build.0 = Debug|Any CPU
		{51EFECCA-882A-4B36-9082-7EE9F253BF10}.Release|Any CPU.ActiveCfg = Release|Any CPU
		{51EFECCA-882A-4B36-9082-7EE9F253BF10}.Release|Any CPU.Build.0 = Release|Any CPU
	EndGlobalSection
	GlobalSection(SolutionProperties) = preSolution
		HideSolutionNode = FALSE
	EndGlobalSection
	GlobalSection(ExtensibilityGlobals) = postSolution
		SolutionGuid = {9C47FBD4-2779-415D-AE26-456D1D61287A}
	EndGlobalSection
EndGlobal
